// !$*UTF8*$!
{
	archiveVersion = 1;
	classes = {
	};
	objectVersion = 50;
	objects = {

/* Begin PBXBuildFile section */
		AC475F3721507312003B2BC3 /* FeedView.swift in Sources */ = {isa = PBXBuildFile; fileRef = AC475F3421507312003B2BC3 /* FeedView.swift */; };
		AC475F3821507312003B2BC3 /* FeedViewModel.swift in Sources */ = {isa = PBXBuildFile; fileRef = AC475F3521507312003B2BC3 /* FeedViewModel.swift */; };
		AC475F3921507312003B2BC3 /* FeedView.xib in Resources */ = {isa = PBXBuildFile; fileRef = AC475F3621507312003B2BC3 /* FeedView.xib */; };
		AC475F3C2150736A003B2BC3 /* Feed.swift in Sources */ = {isa = PBXBuildFile; fileRef = AC475F3B2150736A003B2BC3 /* Feed.swift */; };
		AC475F40215073A7003B2BC3 /* FeedRepositoryImpl.swift in Sources */ = {isa = PBXBuildFile; fileRef = AC475F3E215073A7003B2BC3 /* FeedRepositoryImpl.swift */; };
		AC475F41215073A7003B2BC3 /* FeedRepository.swift in Sources */ = {isa = PBXBuildFile; fileRef = AC475F3F215073A7003B2BC3 /* FeedRepository.swift */; };
		AC475F45215079F9003B2BC3 /* Coordinator.swift in Sources */ = {isa = PBXBuildFile; fileRef = AC475F44215079F9003B2BC3 /* Coordinator.swift */; };
		AC475F4721507A0D003B2BC3 /* AppCoordinator.swift in Sources */ = {isa = PBXBuildFile; fileRef = AC475F4621507A0C003B2BC3 /* AppCoordinator.swift */; };
		AC475F4921507A80003B2BC3 /* LocalStorage.swift in Sources */ = {isa = PBXBuildFile; fileRef = AC475F4821507A80003B2BC3 /* LocalStorage.swift */; };
		AC475F4C21507AE3003B2BC3 /* LocalStorageImpl.swift in Sources */ = {isa = PBXBuildFile; fileRef = AC475F4B21507AE3003B2BC3 /* LocalStorageImpl.swift */; };
		AC475F4E21507BC9003B2BC3 /* DefaultContainer.swift in Sources */ = {isa = PBXBuildFile; fileRef = AC475F4D21507BC9003B2BC3 /* DefaultContainer.swift */; };
		AC475F5021507C53003B2BC3 /* FeedService.swift in Sources */ = {isa = PBXBuildFile; fileRef = AC475F4F21507C53003B2BC3 /* FeedService.swift */; };
		AC475F5221507C6D003B2BC3 /* FeedServicempl.swift in Sources */ = {isa = PBXBuildFile; fileRef = AC475F5121507C6D003B2BC3 /* FeedServicempl.swift */; };
		AC475F5421507D5B003B2BC3 /* FeedRouter.swift in Sources */ = {isa = PBXBuildFile; fileRef = AC475F5321507D5B003B2BC3 /* FeedRouter.swift */; };
		AC475F5721509EA4003B2BC3 /* Rx+Utils.swift in Sources */ = {isa = PBXBuildFile; fileRef = AC475F5521509EA4003B2BC3 /* Rx+Utils.swift */; };
		AC475F5821509EA4003B2BC3 /* NSObject+Rx.swift in Sources */ = {isa = PBXBuildFile; fileRef = AC475F5621509EA4003B2BC3 /* NSObject+Rx.swift */; };
		AC475F5B21509FDD003B2BC3 /* Constants.swift in Sources */ = {isa = PBXBuildFile; fileRef = AC475F5A21509FDD003B2BC3 /* Constants.swift */; };
		AC475F5E2150AA0C003B2BC3 /* Networking+Utils.swift in Sources */ = {isa = PBXBuildFile; fileRef = AC475F5D2150AA0C003B2BC3 /* Networking+Utils.swift */; };
		AC475F622151E17F003B2BC3 /* R.generated.swift in Sources */ = {isa = PBXBuildFile; fileRef = AC475F612151E17F003B2BC3 /* R.generated.swift */; };
		AC475F6A21530CF7003B2BC3 /* OnboardingView.swift in Sources */ = {isa = PBXBuildFile; fileRef = AC475F6721530CF7003B2BC3 /* OnboardingView.swift */; };
		AC475F6B21530CF7003B2BC3 /* OnboardingViewModel.swift in Sources */ = {isa = PBXBuildFile; fileRef = AC475F6821530CF7003B2BC3 /* OnboardingViewModel.swift */; };
		AC475F6C21530CF7003B2BC3 /* OnboardingView.xib in Resources */ = {isa = PBXBuildFile; fileRef = AC475F6921530CF7003B2BC3 /* OnboardingView.xib */; };
		AC475F7021530D0E003B2BC3 /* LoginView.swift in Sources */ = {isa = PBXBuildFile; fileRef = AC475F6D21530D0E003B2BC3 /* LoginView.swift */; };
		AC475F7121530D0E003B2BC3 /* LoginViewModel.swift in Sources */ = {isa = PBXBuildFile; fileRef = AC475F6E21530D0E003B2BC3 /* LoginViewModel.swift */; };
		AC475F7221530D0E003B2BC3 /* LoginView.xib in Resources */ = {isa = PBXBuildFile; fileRef = AC475F6F21530D0E003B2BC3 /* LoginView.xib */; };
		AC475F7621530D51003B2BC3 /* ProfileView.swift in Sources */ = {isa = PBXBuildFile; fileRef = AC475F7321530D51003B2BC3 /* ProfileView.swift */; };
		AC475F7721530D51003B2BC3 /* ProfileViewModel.swift in Sources */ = {isa = PBXBuildFile; fileRef = AC475F7421530D51003B2BC3 /* ProfileViewModel.swift */; };
		AC475F7821530D51003B2BC3 /* ProfileView.xib in Resources */ = {isa = PBXBuildFile; fileRef = AC475F7521530D51003B2BC3 /* ProfileView.xib */; };
		AC475F7D2153144F003B2BC3 /* SignInRepositoryImpl.swift in Sources */ = {isa = PBXBuildFile; fileRef = AC475F7B2153144F003B2BC3 /* SignInRepositoryImpl.swift */; };
		AC475F7E2153144F003B2BC3 /* SignInRepository.swift in Sources */ = {isa = PBXBuildFile; fileRef = AC475F7C2153144F003B2BC3 /* SignInRepository.swift */; };
		AC475F822153168C003B2BC3 /* SignInService.swift in Sources */ = {isa = PBXBuildFile; fileRef = AC475F812153168C003B2BC3 /* SignInService.swift */; };
		AC475F8421531699003B2BC3 /* SignInServiceImpl.swift in Sources */ = {isa = PBXBuildFile; fileRef = AC475F8321531699003B2BC3 /* SignInServiceImpl.swift */; };
		AC475F86215318E0003B2BC3 /* User.swift in Sources */ = {isa = PBXBuildFile; fileRef = AC475F85215318E0003B2BC3 /* User.swift */; };
		AC475F8821547AC9003B2BC3 /* CloudTagView + rx.swift in Sources */ = {isa = PBXBuildFile; fileRef = AC475F8721547AC9003B2BC3 /* CloudTagView + rx.swift */; };
		AC475F8B21547B4A003B2BC3 /* CloudTagView.swift in Sources */ = {isa = PBXBuildFile; fileRef = AC475F8A21547B4A003B2BC3 /* CloudTagView.swift */; };
		AC475F9221547C72003B2BC3 /* UIColor+Utils.swift in Sources */ = {isa = PBXBuildFile; fileRef = AC475F8C21547C71003B2BC3 /* UIColor+Utils.swift */; };
		AC475F9321547C72003B2BC3 /* URL+Utils.swift in Sources */ = {isa = PBXBuildFile; fileRef = AC475F8D21547C71003B2BC3 /* URL+Utils.swift */; };
		AC475F9421547C72003B2BC3 /* UIView+Constraints.swift in Sources */ = {isa = PBXBuildFile; fileRef = AC475F8E21547C71003B2BC3 /* UIView+Constraints.swift */; };
		AC475F9521547C72003B2BC3 /* String+Utils.swift in Sources */ = {isa = PBXBuildFile; fileRef = AC475F8F21547C72003B2BC3 /* String+Utils.swift */; };
		AC475F9621547C72003B2BC3 /* UIView+Utils.swift in Sources */ = {isa = PBXBuildFile; fileRef = AC475F9021547C72003B2BC3 /* UIView+Utils.swift */; };
		AC475F9721547C72003B2BC3 /* UITextFIeld+Utils.swift in Sources */ = {isa = PBXBuildFile; fileRef = AC475F9121547C72003B2BC3 /* UITextFIeld+Utils.swift */; };
		AC475FA6215865FE003B2BC3 /* GothamRounded-MediumItalic.otf in Resources */ = {isa = PBXBuildFile; fileRef = AC475F99215865FE003B2BC3 /* GothamRounded-MediumItalic.otf */; };
		AC475FA7215865FE003B2BC3 /* GothamRoundedBook_21018.ttf in Resources */ = {isa = PBXBuildFile; fileRef = AC475F9A215865FE003B2BC3 /* GothamRoundedBook_21018.ttf */; };
		AC475FA8215865FE003B2BC3 /* GothamRounded-BoldItalic.otf in Resources */ = {isa = PBXBuildFile; fileRef = AC475F9B215865FE003B2BC3 /* GothamRounded-BoldItalic.otf */; };
		AC475FA9215865FE003B2BC3 /* GothamRounded-BookItalic.otf in Resources */ = {isa = PBXBuildFile; fileRef = AC475F9C215865FE003B2BC3 /* GothamRounded-BookItalic.otf */; };
		AC475FAA215865FE003B2BC3 /* GothamRoundedMedium_21022.ttf in Resources */ = {isa = PBXBuildFile; fileRef = AC475F9D215865FE003B2BC3 /* GothamRoundedMedium_21022.ttf */; };
		AC475FAB215865FE003B2BC3 /* GothamRoundedLight_21020.ttf in Resources */ = {isa = PBXBuildFile; fileRef = AC475F9E215865FE003B2BC3 /* GothamRoundedLight_21020.ttf */; };
		AC475FAC215865FE003B2BC3 /* GothamRounded-Medium.otf in Resources */ = {isa = PBXBuildFile; fileRef = AC475F9F215865FE003B2BC3 /* GothamRounded-Medium.otf */; };
		AC475FAD215865FE003B2BC3 /* GothamRoundedBold_21016.ttf in Resources */ = {isa = PBXBuildFile; fileRef = AC475FA0215865FE003B2BC3 /* GothamRoundedBold_21016.ttf */; };
		AC475FAE215865FE003B2BC3 /* GothamRounded-LightItalic.otf in Resources */ = {isa = PBXBuildFile; fileRef = AC475FA1215865FE003B2BC3 /* GothamRounded-LightItalic.otf */; };
		AC475FAF215865FE003B2BC3 /* GothamRounded-Bold.otf in Resources */ = {isa = PBXBuildFile; fileRef = AC475FA2215865FE003B2BC3 /* GothamRounded-Bold.otf */; };
		AC475FB0215865FE003B2BC3 /* GothamRounded-Book.otf in Resources */ = {isa = PBXBuildFile; fileRef = AC475FA3215865FE003B2BC3 /* GothamRounded-Book.otf */; };
		AC475FB2215865FE003B2BC3 /* GothamRounded-Light.otf in Resources */ = {isa = PBXBuildFile; fileRef = AC475FA5215865FE003B2BC3 /* GothamRounded-Light.otf */; };
		AC475FB421586BE8003B2BC3 /* FeedTableViewDelegate.swift in Sources */ = {isa = PBXBuildFile; fileRef = AC475FB321586BE7003B2BC3 /* FeedTableViewDelegate.swift */; };
		AC475FB621586E77003B2BC3 /* FeedTableViewDataSource.swift in Sources */ = {isa = PBXBuildFile; fileRef = AC475FB521586E77003B2BC3 /* FeedTableViewDataSource.swift */; };
		AC475FB9215878F4003B2BC3 /* HighlightedTableViewCell.swift in Sources */ = {isa = PBXBuildFile; fileRef = AC475FB7215878F4003B2BC3 /* HighlightedTableViewCell.swift */; };
		AC475FBA215878F4003B2BC3 /* HighlightedTableViewCell.xib in Resources */ = {isa = PBXBuildFile; fileRef = AC475FB8215878F4003B2BC3 /* HighlightedTableViewCell.xib */; };
		AC475FBD21587F18003B2BC3 /* MostReadTableViewCell.swift in Sources */ = {isa = PBXBuildFile; fileRef = AC475FBB21587F18003B2BC3 /* MostReadTableViewCell.swift */; };
		AC475FBE21587F18003B2BC3 /* MostReadTableViewCell.xib in Resources */ = {isa = PBXBuildFile; fileRef = AC475FBC21587F18003B2BC3 /* MostReadTableViewCell.xib */; };
		AC475FC421588478003B2BC3 /* FeedTableViewCell.swift in Sources */ = {isa = PBXBuildFile; fileRef = AC475FC221588478003B2BC3 /* FeedTableViewCell.swift */; };
		AC475FC521588478003B2BC3 /* FeedTableViewCell.xib in Resources */ = {isa = PBXBuildFile; fileRef = AC475FC321588478003B2BC3 /* FeedTableViewCell.xib */; };
		AC475FC82158998E003B2BC3 /* ada-lovelace.jpg in Resources */ = {isa = PBXBuildFile; fileRef = AC475FC72158998E003B2BC3 /* ada-lovelace.jpg */; };
		AC475FCA21589AE9003B2BC3 /* github-mark.png in Resources */ = {isa = PBXBuildFile; fileRef = AC475FC921589AE9003B2BC3 /* github-mark.png */; };
		AC475FCC21589AF2003B2BC3 /* swift-og.png in Resources */ = {isa = PBXBuildFile; fileRef = AC475FCB21589AF2003B2BC3 /* swift-og.png */; };
		AC475FCE21589B89003B2BC3 /* gitHubLogo.jpg in Resources */ = {isa = PBXBuildFile; fileRef = AC475FCD21589B89003B2BC3 /* gitHubLogo.jpg */; };
		AC475FD021589D66003B2BC3 /* dog.jpg in Resources */ = {isa = PBXBuildFile; fileRef = AC475FCF21589D66003B2BC3 /* dog.jpg */; };
		AC475FD32158A10B003B2BC3 /* MostReadCollectionViewCell.swift in Sources */ = {isa = PBXBuildFile; fileRef = AC475FD12158A10B003B2BC3 /* MostReadCollectionViewCell.swift */; };
		AC475FD42158A10B003B2BC3 /* MostReadCollectionViewCell.xib in Resources */ = {isa = PBXBuildFile; fileRef = AC475FD22158A10B003B2BC3 /* MostReadCollectionViewCell.xib */; };
		AC80D75C2149D943001B00EF /* AppDelegate.swift in Sources */ = {isa = PBXBuildFile; fileRef = AC80D75B2149D943001B00EF /* AppDelegate.swift */; };
		AC80D7632149D944001B00EF /* Assets.xcassets in Resources */ = {isa = PBXBuildFile; fileRef = AC80D7622149D944001B00EF /* Assets.xcassets */; };
		AC80D7662149D944001B00EF /* LaunchScreen.storyboard in Resources */ = {isa = PBXBuildFile; fileRef = AC80D7642149D944001B00EF /* LaunchScreen.storyboard */; };
		D4406539EFDDE261A4C32877 /* Pods_CodandoJuntasApp.framework in Frameworks */ = {isa = PBXBuildFile; fileRef = E793403F8665F91DA86F9ECA /* Pods_CodandoJuntasApp.framework */; };
/* End PBXBuildFile section */

/* Begin PBXFileReference section */
		0B52DEB84ED5423CAAD694DE /* Pods-CodandoJuntasApp.release.xcconfig */ = {isa = PBXFileReference; includeInIndex = 1; lastKnownFileType = text.xcconfig; name = "Pods-CodandoJuntasApp.release.xcconfig"; path = "Pods/Target Support Files/Pods-CodandoJuntasApp/Pods-CodandoJuntasApp.release.xcconfig"; sourceTree = "<group>"; };
		A779A47C6A170D47AC8692B5 /* Pods-CodandoJuntasApp.debug.xcconfig */ = {isa = PBXFileReference; includeInIndex = 1; lastKnownFileType = text.xcconfig; name = "Pods-CodandoJuntasApp.debug.xcconfig"; path = "Pods/Target Support Files/Pods-CodandoJuntasApp/Pods-CodandoJuntasApp.debug.xcconfig"; sourceTree = "<group>"; };
		AC475F3421507312003B2BC3 /* FeedView.swift */ = {isa = PBXFileReference; lastKnownFileType = sourcecode.swift; path = FeedView.swift; sourceTree = "<group>"; };
		AC475F3521507312003B2BC3 /* FeedViewModel.swift */ = {isa = PBXFileReference; lastKnownFileType = sourcecode.swift; path = FeedViewModel.swift; sourceTree = "<group>"; };
		AC475F3621507312003B2BC3 /* FeedView.xib */ = {isa = PBXFileReference; lastKnownFileType = file.xib; path = FeedView.xib; sourceTree = "<group>"; };
		AC475F3B2150736A003B2BC3 /* Feed.swift */ = {isa = PBXFileReference; lastKnownFileType = sourcecode.swift; path = Feed.swift; sourceTree = "<group>"; };
		AC475F3E215073A7003B2BC3 /* FeedRepositoryImpl.swift */ = {isa = PBXFileReference; lastKnownFileType = sourcecode.swift; path = FeedRepositoryImpl.swift; sourceTree = "<group>"; };
		AC475F3F215073A7003B2BC3 /* FeedRepository.swift */ = {isa = PBXFileReference; lastKnownFileType = sourcecode.swift; path = FeedRepository.swift; sourceTree = "<group>"; };
		AC475F44215079F9003B2BC3 /* Coordinator.swift */ = {isa = PBXFileReference; lastKnownFileType = sourcecode.swift; path = Coordinator.swift; sourceTree = "<group>"; };
		AC475F4621507A0C003B2BC3 /* AppCoordinator.swift */ = {isa = PBXFileReference; lastKnownFileType = sourcecode.swift; path = AppCoordinator.swift; sourceTree = "<group>"; };
		AC475F4821507A80003B2BC3 /* LocalStorage.swift */ = {isa = PBXFileReference; lastKnownFileType = sourcecode.swift; path = LocalStorage.swift; sourceTree = "<group>"; };
		AC475F4B21507AE3003B2BC3 /* LocalStorageImpl.swift */ = {isa = PBXFileReference; lastKnownFileType = sourcecode.swift; path = LocalStorageImpl.swift; sourceTree = "<group>"; };
		AC475F4D21507BC9003B2BC3 /* DefaultContainer.swift */ = {isa = PBXFileReference; lastKnownFileType = sourcecode.swift; path = DefaultContainer.swift; sourceTree = "<group>"; };
		AC475F4F21507C53003B2BC3 /* FeedService.swift */ = {isa = PBXFileReference; lastKnownFileType = sourcecode.swift; path = FeedService.swift; sourceTree = "<group>"; };
		AC475F5121507C6D003B2BC3 /* FeedServicempl.swift */ = {isa = PBXFileReference; lastKnownFileType = sourcecode.swift; path = FeedServicempl.swift; sourceTree = "<group>"; };
		AC475F5321507D5B003B2BC3 /* FeedRouter.swift */ = {isa = PBXFileReference; lastKnownFileType = sourcecode.swift; path = FeedRouter.swift; sourceTree = "<group>"; };
		AC475F5521509EA4003B2BC3 /* Rx+Utils.swift */ = {isa = PBXFileReference; fileEncoding = 4; lastKnownFileType = sourcecode.swift; path = "Rx+Utils.swift"; sourceTree = "<group>"; };
		AC475F5621509EA4003B2BC3 /* NSObject+Rx.swift */ = {isa = PBXFileReference; fileEncoding = 4; lastKnownFileType = sourcecode.swift; path = "NSObject+Rx.swift"; sourceTree = "<group>"; };
		AC475F5A21509FDD003B2BC3 /* Constants.swift */ = {isa = PBXFileReference; lastKnownFileType = sourcecode.swift; path = Constants.swift; sourceTree = "<group>"; };
		AC475F5D2150AA0C003B2BC3 /* Networking+Utils.swift */ = {isa = PBXFileReference; fileEncoding = 4; lastKnownFileType = sourcecode.swift; path = "Networking+Utils.swift"; sourceTree = "<group>"; };
		AC475F612151E17F003B2BC3 /* R.generated.swift */ = {isa = PBXFileReference; fileEncoding = 4; lastKnownFileType = sourcecode.swift; path = R.generated.swift; sourceTree = SOURCE_ROOT; };
		AC475F6721530CF7003B2BC3 /* OnboardingView.swift */ = {isa = PBXFileReference; lastKnownFileType = sourcecode.swift; path = OnboardingView.swift; sourceTree = "<group>"; };
		AC475F6821530CF7003B2BC3 /* OnboardingViewModel.swift */ = {isa = PBXFileReference; lastKnownFileType = sourcecode.swift; path = OnboardingViewModel.swift; sourceTree = "<group>"; };
		AC475F6921530CF7003B2BC3 /* OnboardingView.xib */ = {isa = PBXFileReference; lastKnownFileType = file.xib; path = OnboardingView.xib; sourceTree = "<group>"; };
		AC475F6D21530D0E003B2BC3 /* LoginView.swift */ = {isa = PBXFileReference; lastKnownFileType = sourcecode.swift; path = LoginView.swift; sourceTree = "<group>"; };
		AC475F6E21530D0E003B2BC3 /* LoginViewModel.swift */ = {isa = PBXFileReference; lastKnownFileType = sourcecode.swift; path = LoginViewModel.swift; sourceTree = "<group>"; };
		AC475F6F21530D0E003B2BC3 /* LoginView.xib */ = {isa = PBXFileReference; lastKnownFileType = file.xib; path = LoginView.xib; sourceTree = "<group>"; };
		AC475F7321530D51003B2BC3 /* ProfileView.swift */ = {isa = PBXFileReference; lastKnownFileType = sourcecode.swift; path = ProfileView.swift; sourceTree = "<group>"; };
		AC475F7421530D51003B2BC3 /* ProfileViewModel.swift */ = {isa = PBXFileReference; lastKnownFileType = sourcecode.swift; path = ProfileViewModel.swift; sourceTree = "<group>"; };
		AC475F7521530D51003B2BC3 /* ProfileView.xib */ = {isa = PBXFileReference; lastKnownFileType = file.xib; path = ProfileView.xib; sourceTree = "<group>"; };
		AC475F7B2153144F003B2BC3 /* SignInRepositoryImpl.swift */ = {isa = PBXFileReference; lastKnownFileType = sourcecode.swift; path = SignInRepositoryImpl.swift; sourceTree = "<group>"; };
		AC475F7C2153144F003B2BC3 /* SignInRepository.swift */ = {isa = PBXFileReference; lastKnownFileType = sourcecode.swift; path = SignInRepository.swift; sourceTree = "<group>"; };
		AC475F812153168C003B2BC3 /* SignInService.swift */ = {isa = PBXFileReference; lastKnownFileType = sourcecode.swift; path = SignInService.swift; sourceTree = "<group>"; };
		AC475F8321531699003B2BC3 /* SignInServiceImpl.swift */ = {isa = PBXFileReference; lastKnownFileType = sourcecode.swift; path = SignInServiceImpl.swift; sourceTree = "<group>"; };
		AC475F85215318E0003B2BC3 /* User.swift */ = {isa = PBXFileReference; lastKnownFileType = sourcecode.swift; path = User.swift; sourceTree = "<group>"; };
		AC475F8721547AC9003B2BC3 /* CloudTagView + rx.swift */ = {isa = PBXFileReference; lastKnownFileType = sourcecode.swift; path = "CloudTagView + rx.swift"; sourceTree = "<group>"; };
		AC475F8A21547B4A003B2BC3 /* CloudTagView.swift */ = {isa = PBXFileReference; lastKnownFileType = sourcecode.swift; path = CloudTagView.swift; sourceTree = "<group>"; };
		AC475F8C21547C71003B2BC3 /* UIColor+Utils.swift */ = {isa = PBXFileReference; fileEncoding = 4; lastKnownFileType = sourcecode.swift; path = "UIColor+Utils.swift"; sourceTree = "<group>"; };
		AC475F8D21547C71003B2BC3 /* URL+Utils.swift */ = {isa = PBXFileReference; fileEncoding = 4; lastKnownFileType = sourcecode.swift; path = "URL+Utils.swift"; sourceTree = "<group>"; };
		AC475F8E21547C71003B2BC3 /* UIView+Constraints.swift */ = {isa = PBXFileReference; fileEncoding = 4; lastKnownFileType = sourcecode.swift; path = "UIView+Constraints.swift"; sourceTree = "<group>"; };
		AC475F8F21547C72003B2BC3 /* String+Utils.swift */ = {isa = PBXFileReference; fileEncoding = 4; lastKnownFileType = sourcecode.swift; path = "String+Utils.swift"; sourceTree = "<group>"; };
		AC475F9021547C72003B2BC3 /* UIView+Utils.swift */ = {isa = PBXFileReference; fileEncoding = 4; lastKnownFileType = sourcecode.swift; path = "UIView+Utils.swift"; sourceTree = "<group>"; };
		AC475F9121547C72003B2BC3 /* UITextFIeld+Utils.swift */ = {isa = PBXFileReference; fileEncoding = 4; lastKnownFileType = sourcecode.swift; path = "UITextFIeld+Utils.swift"; sourceTree = "<group>"; };
		AC475F99215865FE003B2BC3 /* GothamRounded-MediumItalic.otf */ = {isa = PBXFileReference; lastKnownFileType = file; path = "GothamRounded-MediumItalic.otf"; sourceTree = "<group>"; };
		AC475F9A215865FE003B2BC3 /* GothamRoundedBook_21018.ttf */ = {isa = PBXFileReference; lastKnownFileType = file; path = GothamRoundedBook_21018.ttf; sourceTree = "<group>"; };
		AC475F9B215865FE003B2BC3 /* GothamRounded-BoldItalic.otf */ = {isa = PBXFileReference; lastKnownFileType = file; path = "GothamRounded-BoldItalic.otf"; sourceTree = "<group>"; };
		AC475F9C215865FE003B2BC3 /* GothamRounded-BookItalic.otf */ = {isa = PBXFileReference; lastKnownFileType = file; path = "GothamRounded-BookItalic.otf"; sourceTree = "<group>"; };
		AC475F9D215865FE003B2BC3 /* GothamRoundedMedium_21022.ttf */ = {isa = PBXFileReference; lastKnownFileType = file; path = GothamRoundedMedium_21022.ttf; sourceTree = "<group>"; };
		AC475F9E215865FE003B2BC3 /* GothamRoundedLight_21020.ttf */ = {isa = PBXFileReference; lastKnownFileType = file; path = GothamRoundedLight_21020.ttf; sourceTree = "<group>"; };
		AC475F9F215865FE003B2BC3 /* GothamRounded-Medium.otf */ = {isa = PBXFileReference; lastKnownFileType = file; path = "GothamRounded-Medium.otf"; sourceTree = "<group>"; };
		AC475FA0215865FE003B2BC3 /* GothamRoundedBold_21016.ttf */ = {isa = PBXFileReference; lastKnownFileType = file; path = GothamRoundedBold_21016.ttf; sourceTree = "<group>"; };
		AC475FA1215865FE003B2BC3 /* GothamRounded-LightItalic.otf */ = {isa = PBXFileReference; lastKnownFileType = file; path = "GothamRounded-LightItalic.otf"; sourceTree = "<group>"; };
		AC475FA2215865FE003B2BC3 /* GothamRounded-Bold.otf */ = {isa = PBXFileReference; lastKnownFileType = file; path = "GothamRounded-Bold.otf"; sourceTree = "<group>"; };
		AC475FA3215865FE003B2BC3 /* GothamRounded-Book.otf */ = {isa = PBXFileReference; lastKnownFileType = file; path = "GothamRounded-Book.otf"; sourceTree = "<group>"; };
		AC475FA5215865FE003B2BC3 /* GothamRounded-Light.otf */ = {isa = PBXFileReference; lastKnownFileType = file; path = "GothamRounded-Light.otf"; sourceTree = "<group>"; };
		AC475FB321586BE7003B2BC3 /* FeedTableViewDelegate.swift */ = {isa = PBXFileReference; lastKnownFileType = sourcecode.swift; path = FeedTableViewDelegate.swift; sourceTree = "<group>"; };
		AC475FB521586E77003B2BC3 /* FeedTableViewDataSource.swift */ = {isa = PBXFileReference; lastKnownFileType = sourcecode.swift; path = FeedTableViewDataSource.swift; sourceTree = "<group>"; };
		AC475FB7215878F4003B2BC3 /* HighlightedTableViewCell.swift */ = {isa = PBXFileReference; lastKnownFileType = sourcecode.swift; path = HighlightedTableViewCell.swift; sourceTree = "<group>"; };
		AC475FB8215878F4003B2BC3 /* HighlightedTableViewCell.xib */ = {isa = PBXFileReference; lastKnownFileType = file.xib; path = HighlightedTableViewCell.xib; sourceTree = "<group>"; };
		AC475FBB21587F18003B2BC3 /* MostReadTableViewCell.swift */ = {isa = PBXFileReference; lastKnownFileType = sourcecode.swift; path = MostReadTableViewCell.swift; sourceTree = "<group>"; };
		AC475FBC21587F18003B2BC3 /* MostReadTableViewCell.xib */ = {isa = PBXFileReference; lastKnownFileType = file.xib; path = MostReadTableViewCell.xib; sourceTree = "<group>"; };
		AC475FC221588478003B2BC3 /* FeedTableViewCell.swift */ = {isa = PBXFileReference; lastKnownFileType = sourcecode.swift; path = FeedTableViewCell.swift; sourceTree = "<group>"; };
		AC475FC321588478003B2BC3 /* FeedTableViewCell.xib */ = {isa = PBXFileReference; lastKnownFileType = file.xib; path = FeedTableViewCell.xib; sourceTree = "<group>"; };
		AC475FC72158998E003B2BC3 /* ada-lovelace.jpg */ = {isa = PBXFileReference; lastKnownFileType = image.jpeg; path = "ada-lovelace.jpg"; sourceTree = "<group>"; };
		AC475FC921589AE9003B2BC3 /* github-mark.png */ = {isa = PBXFileReference; lastKnownFileType = image.png; path = "github-mark.png"; sourceTree = "<group>"; };
		AC475FCB21589AF2003B2BC3 /* swift-og.png */ = {isa = PBXFileReference; lastKnownFileType = image.png; path = "swift-og.png"; sourceTree = "<group>"; };
		AC475FCD21589B89003B2BC3 /* gitHubLogo.jpg */ = {isa = PBXFileReference; lastKnownFileType = image.jpeg; path = gitHubLogo.jpg; sourceTree = "<group>"; };
		AC475FCF21589D66003B2BC3 /* dog.jpg */ = {isa = PBXFileReference; lastKnownFileType = image.jpeg; path = dog.jpg; sourceTree = "<group>"; };
		AC475FD12158A10B003B2BC3 /* MostReadCollectionViewCell.swift */ = {isa = PBXFileReference; lastKnownFileType = sourcecode.swift; path = MostReadCollectionViewCell.swift; sourceTree = "<group>"; };
		AC475FD22158A10B003B2BC3 /* MostReadCollectionViewCell.xib */ = {isa = PBXFileReference; lastKnownFileType = file.xib; path = MostReadCollectionViewCell.xib; sourceTree = "<group>"; };
		AC80D7582149D943001B00EF /* CodandoJuntasApp.app */ = {isa = PBXFileReference; explicitFileType = wrapper.application; includeInIndex = 0; path = CodandoJuntasApp.app; sourceTree = BUILT_PRODUCTS_DIR; };
		AC80D75B2149D943001B00EF /* AppDelegate.swift */ = {isa = PBXFileReference; lastKnownFileType = sourcecode.swift; path = AppDelegate.swift; sourceTree = "<group>"; };
		AC80D7622149D944001B00EF /* Assets.xcassets */ = {isa = PBXFileReference; lastKnownFileType = folder.assetcatalog; path = Assets.xcassets; sourceTree = "<group>"; };
		AC80D7652149D944001B00EF /* Base */ = {isa = PBXFileReference; lastKnownFileType = file.storyboard; name = Base; path = Base.lproj/LaunchScreen.storyboard; sourceTree = "<group>"; };
		AC80D7672149D944001B00EF /* Info.plist */ = {isa = PBXFileReference; lastKnownFileType = text.plist.xml; path = Info.plist; sourceTree = "<group>"; };
		E793403F8665F91DA86F9ECA /* Pods_CodandoJuntasApp.framework */ = {isa = PBXFileReference; explicitFileType = wrapper.framework; includeInIndex = 0; path = Pods_CodandoJuntasApp.framework; sourceTree = BUILT_PRODUCTS_DIR; };
/* End PBXFileReference section */

/* Begin PBXFrameworksBuildPhase section */
		AC80D7552149D943001B00EF /* Frameworks */ = {
			isa = PBXFrameworksBuildPhase;
			buildActionMask = 2147483647;
			files = (
				D4406539EFDDE261A4C32877 /* Pods_CodandoJuntasApp.framework in Frameworks */,
			);
			runOnlyForDeploymentPostprocessing = 0;
		};
/* End PBXFrameworksBuildPhase section */

/* Begin PBXGroup section */
		0FA34926218AF70EC79B5744 /* Frameworks */ = {
			isa = PBXGroup;
			children = (
				E793403F8665F91DA86F9ECA /* Pods_CodandoJuntasApp.framework */,
			);
			name = Frameworks;
			sourceTree = "<group>";
		};
		92A7C371A725B7ACAFCB0A76 /* Pods */ = {
			isa = PBXGroup;
			children = (
				A779A47C6A170D47AC8692B5 /* Pods-CodandoJuntasApp.debug.xcconfig */,
				0B52DEB84ED5423CAAD694DE /* Pods-CodandoJuntasApp.release.xcconfig */,
			);
			name = Pods;
			sourceTree = "<group>";
		};
		AC475F31215072D7003B2BC3 /* Modules */ = {
			isa = PBXGroup;
			children = (
				AC475F8921547B22003B2BC3 /* Components */,
				AC475F66215305A9003B2BC3 /* Cells */,
				AC475F652153059C003B2BC3 /* Profile */,
				AC475F6421530589003B2BC3 /* Login */,
				AC475F6321530579003B2BC3 /* Onboarding */,
				AC475F5F2151D8CE003B2BC3 /* Feed */,
			);
			path = Modules;
			sourceTree = "<group>";
		};
		AC475F32215072DE003B2BC3 /* Services */ = {
			isa = PBXGroup;
			children = (
				AC475F8021531559003B2BC3 /* SignIn */,
				AC475F7F2153154A003B2BC3 /* Feed */,
			);
			path = Services;
			sourceTree = "<group>";
		};
		AC475F33215072EA003B2BC3 /* Resources */ = {
			isa = PBXGroup;
			children = (
				AC475FC621589964003B2BC3 /* PlaceholderImages */,
				AC475F98215865FE003B2BC3 /* gotham-rounded */,
				AC80D7622149D944001B00EF /* Assets.xcassets */,
			);
			path = Resources;
			sourceTree = "<group>";
		};
		AC475F3A2150731A003B2BC3 /* Repository */ = {
			isa = PBXGroup;
			children = (
				AC475F7A2153140B003B2BC3 /* SignInRepository */,
				AC475F79215313FC003B2BC3 /* FeedRepository */,
			);
			path = Repository;
			sourceTree = "<group>";
		};
		AC475F3D21507383003B2BC3 /* Model */ = {
			isa = PBXGroup;
			children = (
				AC475F3B2150736A003B2BC3 /* Feed.swift */,
				AC475F85215318E0003B2BC3 /* User.swift */,
			);
			path = Model;
			sourceTree = "<group>";
		};
		AC475F42215073F7003B2BC3 /* AppCoordinator */ = {
			isa = PBXGroup;
			children = (
				AC475F44215079F9003B2BC3 /* Coordinator.swift */,
				AC475F4621507A0C003B2BC3 /* AppCoordinator.swift */,
			);
			path = AppCoordinator;
			sourceTree = "<group>";
		};
		AC475F4321507410003B2BC3 /* Container */ = {
			isa = PBXGroup;
			children = (
				AC475F4D21507BC9003B2BC3 /* DefaultContainer.swift */,
			);
			path = Container;
			sourceTree = "<group>";
		};
		AC475F4A21507A84003B2BC3 /* Storage */ = {
			isa = PBXGroup;
			children = (
				AC475F4821507A80003B2BC3 /* LocalStorage.swift */,
				AC475F4B21507AE3003B2BC3 /* LocalStorageImpl.swift */,
			);
			path = Storage;
			sourceTree = "<group>";
		};
		AC475F5921509EAC003B2BC3 /* Rx Utilities */ = {
			isa = PBXGroup;
			children = (
				AC475F5621509EA4003B2BC3 /* NSObject+Rx.swift */,
				AC475F5521509EA4003B2BC3 /* Rx+Utils.swift */,
				AC475F8721547AC9003B2BC3 /* CloudTagView + rx.swift */,
			);
			path = "Rx Utilities";
			sourceTree = "<group>";
		};
		AC475F5C21509FE3003B2BC3 /* Utils */ = {
			isa = PBXGroup;
			children = (
				AC475F8F21547C72003B2BC3 /* String+Utils.swift */,
				AC475F8C21547C71003B2BC3 /* UIColor+Utils.swift */,
				AC475F9121547C72003B2BC3 /* UITextFIeld+Utils.swift */,
				AC475F8E21547C71003B2BC3 /* UIView+Constraints.swift */,
				AC475F9021547C72003B2BC3 /* UIView+Utils.swift */,
				AC475F8D21547C71003B2BC3 /* URL+Utils.swift */,
				AC475F5D2150AA0C003B2BC3 /* Networking+Utils.swift */,
				AC475F5A21509FDD003B2BC3 /* Constants.swift */,
			);
			path = Utils;
			sourceTree = "<group>";
		};
		AC475F5F2151D8CE003B2BC3 /* Feed */ = {
			isa = PBXGroup;
			children = (
				AC475F3421507312003B2BC3 /* FeedView.swift */,
				AC475F3521507312003B2BC3 /* FeedViewModel.swift */,
				AC475F3621507312003B2BC3 /* FeedView.xib */,
				AC475FB321586BE7003B2BC3 /* FeedTableViewDelegate.swift */,
				AC475FB521586E77003B2BC3 /* FeedTableViewDataSource.swift */,
			);
			path = Feed;
			sourceTree = "<group>";
		};
		AC475F6321530579003B2BC3 /* Onboarding */ = {
			isa = PBXGroup;
			children = (
				AC475F6721530CF7003B2BC3 /* OnboardingView.swift */,
				AC475F6821530CF7003B2BC3 /* OnboardingViewModel.swift */,
				AC475F6921530CF7003B2BC3 /* OnboardingView.xib */,
			);
			path = Onboarding;
			sourceTree = "<group>";
		};
		AC475F6421530589003B2BC3 /* Login */ = {
			isa = PBXGroup;
			children = (
				AC475F6D21530D0E003B2BC3 /* LoginView.swift */,
				AC475F6E21530D0E003B2BC3 /* LoginViewModel.swift */,
				AC475F6F21530D0E003B2BC3 /* LoginView.xib */,
			);
			path = Login;
			sourceTree = "<group>";
		};
		AC475F652153059C003B2BC3 /* Profile */ = {
			isa = PBXGroup;
			children = (
				AC475F7321530D51003B2BC3 /* ProfileView.swift */,
				AC475F7421530D51003B2BC3 /* ProfileViewModel.swift */,
				AC475F7521530D51003B2BC3 /* ProfileView.xib */,
			);
			path = Profile;
			sourceTree = "<group>";
		};
		AC475F66215305A9003B2BC3 /* Cells */ = {
			isa = PBXGroup;
			children = (
				AC475FC1215883F3003B2BC3 /* FeedCell */,
				AC475FC0215883E1003B2BC3 /* MostReadCell */,
				AC475FBF215883CA003B2BC3 /* HighlightedCell */,
			);
			path = Cells;
			sourceTree = "<group>";
		};
		AC475F79215313FC003B2BC3 /* FeedRepository */ = {
			isa = PBXGroup;
			children = (
				AC475F3F215073A7003B2BC3 /* FeedRepository.swift */,
				AC475F3E215073A7003B2BC3 /* FeedRepositoryImpl.swift */,
			);
			path = FeedRepository;
			sourceTree = "<group>";
		};
		AC475F7A2153140B003B2BC3 /* SignInRepository */ = {
			isa = PBXGroup;
			children = (
				AC475F7B2153144F003B2BC3 /* SignInRepositoryImpl.swift */,
				AC475F7C2153144F003B2BC3 /* SignInRepository.swift */,
			);
			path = SignInRepository;
			sourceTree = "<group>";
		};
		AC475F7F2153154A003B2BC3 /* Feed */ = {
			isa = PBXGroup;
			children = (
				AC475F5321507D5B003B2BC3 /* FeedRouter.swift */,
				AC475F4F21507C53003B2BC3 /* FeedService.swift */,
				AC475F5121507C6D003B2BC3 /* FeedServicempl.swift */,
			);
			path = Feed;
			sourceTree = "<group>";
		};
		AC475F8021531559003B2BC3 /* SignIn */ = {
			isa = PBXGroup;
			children = (
				AC475F812153168C003B2BC3 /* SignInService.swift */,
				AC475F8321531699003B2BC3 /* SignInServiceImpl.swift */,
			);
			path = SignIn;
			sourceTree = "<group>";
		};
		AC475F8921547B22003B2BC3 /* Components */ = {
			isa = PBXGroup;
			children = (
				AC475F8A21547B4A003B2BC3 /* CloudTagView.swift */,
			);
			path = Components;
			sourceTree = "<group>";
		};
		AC475F98215865FE003B2BC3 /* gotham-rounded */ = {
			isa = PBXGroup;
			children = (
				AC475F99215865FE003B2BC3 /* GothamRounded-MediumItalic.otf */,
				AC475F9A215865FE003B2BC3 /* GothamRoundedBook_21018.ttf */,
				AC475F9B215865FE003B2BC3 /* GothamRounded-BoldItalic.otf */,
				AC475F9C215865FE003B2BC3 /* GothamRounded-BookItalic.otf */,
				AC475F9D215865FE003B2BC3 /* GothamRoundedMedium_21022.ttf */,
				AC475F9E215865FE003B2BC3 /* GothamRoundedLight_21020.ttf */,
				AC475F9F215865FE003B2BC3 /* GothamRounded-Medium.otf */,
				AC475FA0215865FE003B2BC3 /* GothamRoundedBold_21016.ttf */,
				AC475FA1215865FE003B2BC3 /* GothamRounded-LightItalic.otf */,
				AC475FA2215865FE003B2BC3 /* GothamRounded-Bold.otf */,
				AC475FA3215865FE003B2BC3 /* GothamRounded-Book.otf */,
				AC475FA5215865FE003B2BC3 /* GothamRounded-Light.otf */,
			);
			path = "gotham-rounded";
			sourceTree = "<group>";
		};
		AC475FBF215883CA003B2BC3 /* HighlightedCell */ = {
			isa = PBXGroup;
			children = (
				AC475FB7215878F4003B2BC3 /* HighlightedTableViewCell.swift */,
				AC475FB8215878F4003B2BC3 /* HighlightedTableViewCell.xib */,
			);
			path = HighlightedCell;
			sourceTree = "<group>";
		};
		AC475FC0215883E1003B2BC3 /* MostReadCell */ = {
			isa = PBXGroup;
			children = (
				AC475FBB21587F18003B2BC3 /* MostReadTableViewCell.swift */,
				AC475FBC21587F18003B2BC3 /* MostReadTableViewCell.xib */,
				AC475FD12158A10B003B2BC3 /* MostReadCollectionViewCell.swift */,
				AC475FD22158A10B003B2BC3 /* MostReadCollectionViewCell.xib */,
			);
			path = MostReadCell;
			sourceTree = "<group>";
		};
		AC475FC1215883F3003B2BC3 /* FeedCell */ = {
			isa = PBXGroup;
			children = (
				AC475FC221588478003B2BC3 /* FeedTableViewCell.swift */,
				AC475FC321588478003B2BC3 /* FeedTableViewCell.xib */,
			);
			path = FeedCell;
			sourceTree = "<group>";
		};
		AC475FC621589964003B2BC3 /* PlaceholderImages */ = {
			isa = PBXGroup;
			children = (
				AC475FCF21589D66003B2BC3 /* dog.jpg */,
				AC475FC72158998E003B2BC3 /* ada-lovelace.jpg */,
				AC475FCD21589B89003B2BC3 /* gitHubLogo.jpg */,
				AC475FCB21589AF2003B2BC3 /* swift-og.png */,
				AC475FC921589AE9003B2BC3 /* github-mark.png */,
			);
			path = PlaceholderImages;
			sourceTree = "<group>";
		};
		AC80D74F2149D943001B00EF = {
			isa = PBXGroup;
			children = (
				AC80D75A2149D943001B00EF /* CodandoJuntasApp */,
				AC80D7592149D943001B00EF /* Products */,
				92A7C371A725B7ACAFCB0A76 /* Pods */,
				0FA34926218AF70EC79B5744 /* Frameworks */,
			);
			sourceTree = "<group>";
		};
		AC80D7592149D943001B00EF /* Products */ = {
			isa = PBXGroup;
			children = (
				AC80D7582149D943001B00EF /* CodandoJuntasApp.app */,
			);
			name = Products;
			sourceTree = "<group>";
		};
		AC80D75A2149D943001B00EF /* CodandoJuntasApp */ = {
			isa = PBXGroup;
			children = (
				AC475F42215073F7003B2BC3 /* AppCoordinator */,
				AC475F4A21507A84003B2BC3 /* Storage */,
				AC475F3D21507383003B2BC3 /* Model */,
				AC475F32215072DE003B2BC3 /* Services */,
				AC475F31215072D7003B2BC3 /* Modules */,
				AC475F33215072EA003B2BC3 /* Resources */,
				AC475F3A2150731A003B2BC3 /* Repository */,
				AC475F4321507410003B2BC3 /* Container */,
				AC475F5921509EAC003B2BC3 /* Rx Utilities */,
				AC475F5C21509FE3003B2BC3 /* Utils */,
				AC80D7672149D944001B00EF /* Info.plist */,
				AC80D7642149D944001B00EF /* LaunchScreen.storyboard */,
				AC475F612151E17F003B2BC3 /* R.generated.swift */,
				AC80D75B2149D943001B00EF /* AppDelegate.swift */,
			);
			path = CodandoJuntasApp;
			sourceTree = "<group>";
		};
/* End PBXGroup section */

/* Begin PBXNativeTarget section */
		AC80D7572149D943001B00EF /* CodandoJuntasApp */ = {
			isa = PBXNativeTarget;
			buildConfigurationList = AC80D76A2149D944001B00EF /* Build configuration list for PBXNativeTarget "CodandoJuntasApp" */;
			buildPhases = (
				07802F8F97D53D7E440A08E8 /* [CP] Check Pods Manifest.lock */,
				AC475F602151E059003B2BC3 /* R.Swift */,
				AC80D7542149D943001B00EF /* Sources */,
				AC80D7552149D943001B00EF /* Frameworks */,
				AC80D7562149D943001B00EF /* Resources */,
				17E2AB58D0DC7901B672CD97 /* [CP] Embed Pods Frameworks */,
			);
			buildRules = (
			);
			dependencies = (
			);
			name = CodandoJuntasApp;
			productName = CodandoJuntasApp;
			productReference = AC80D7582149D943001B00EF /* CodandoJuntasApp.app */;
			productType = "com.apple.product-type.application";
		};
/* End PBXNativeTarget section */

/* Begin PBXProject section */
		AC80D7502149D943001B00EF /* Project object */ = {
			isa = PBXProject;
			attributes = {
				LastSwiftUpdateCheck = 0940;
				LastUpgradeCheck = 0940;
				ORGANIZATIONNAME = "Codando Juntas";
				TargetAttributes = {
					AC80D7572149D943001B00EF = {
						CreatedOnToolsVersion = 9.4.1;
					};
				};
			};
			buildConfigurationList = AC80D7532149D943001B00EF /* Build configuration list for PBXProject "CodandoJuntasApp" */;
			compatibilityVersion = "Xcode 9.3";
			developmentRegion = en;
			hasScannedForEncodings = 0;
			knownRegions = (
				en,
				Base,
			);
			mainGroup = AC80D74F2149D943001B00EF;
			productRefGroup = AC80D7592149D943001B00EF /* Products */;
			projectDirPath = "";
			projectRoot = "";
			targets = (
				AC80D7572149D943001B00EF /* CodandoJuntasApp */,
			);
		};
/* End PBXProject section */

/* Begin PBXResourcesBuildPhase section */
		AC80D7562149D943001B00EF /* Resources */ = {
			isa = PBXResourcesBuildPhase;
			buildActionMask = 2147483647;
			files = (
				AC475FAD215865FE003B2BC3 /* GothamRoundedBold_21016.ttf in Resources */,
				AC475FC82158998E003B2BC3 /* ada-lovelace.jpg in Resources */,
				AC475F3921507312003B2BC3 /* FeedView.xib in Resources */,
				AC475F6C21530CF7003B2BC3 /* OnboardingView.xib in Resources */,
				AC475FD021589D66003B2BC3 /* dog.jpg in Resources */,
				AC475F7821530D51003B2BC3 /* ProfileView.xib in Resources */,
				AC475FA8215865FE003B2BC3 /* GothamRounded-BoldItalic.otf in Resources */,
				AC475FB0215865FE003B2BC3 /* GothamRounded-Book.otf in Resources */,
				AC475FC521588478003B2BC3 /* FeedTableViewCell.xib in Resources */,
				AC475FAC215865FE003B2BC3 /* GothamRounded-Medium.otf in Resources */,
				AC80D7662149D944001B00EF /* LaunchScreen.storyboard in Resources */,
				AC475FAB215865FE003B2BC3 /* GothamRoundedLight_21020.ttf in Resources */,
				AC475FCA21589AE9003B2BC3 /* github-mark.png in Resources */,
				AC475FD42158A10B003B2BC3 /* MostReadCollectionViewCell.xib in Resources */,
				AC475FAE215865FE003B2BC3 /* GothamRounded-LightItalic.otf in Resources */,
				AC475FA6215865FE003B2BC3 /* GothamRounded-MediumItalic.otf in Resources */,
				AC475FCE21589B89003B2BC3 /* gitHubLogo.jpg in Resources */,
				AC475FB2215865FE003B2BC3 /* GothamRounded-Light.otf in Resources */,
				AC475FBE21587F18003B2BC3 /* MostReadTableViewCell.xib in Resources */,
				AC475FAA215865FE003B2BC3 /* GothamRoundedMedium_21022.ttf in Resources */,
				AC475FA9215865FE003B2BC3 /* GothamRounded-BookItalic.otf in Resources */,
				AC475FAF215865FE003B2BC3 /* GothamRounded-Bold.otf in Resources */,
				AC475FBA215878F4003B2BC3 /* HighlightedTableViewCell.xib in Resources */,
				AC475F7221530D0E003B2BC3 /* LoginView.xib in Resources */,
				AC475FA7215865FE003B2BC3 /* GothamRoundedBook_21018.ttf in Resources */,
				AC80D7632149D944001B00EF /* Assets.xcassets in Resources */,
				AC475FCC21589AF2003B2BC3 /* swift-og.png in Resources */,
			);
			runOnlyForDeploymentPostprocessing = 0;
		};
/* End PBXResourcesBuildPhase section */

/* Begin PBXShellScriptBuildPhase section */
		07802F8F97D53D7E440A08E8 /* [CP] Check Pods Manifest.lock */ = {
			isa = PBXShellScriptBuildPhase;
			buildActionMask = 2147483647;
			files = (
			);
			inputPaths = (
				"${PODS_PODFILE_DIR_PATH}/Podfile.lock",
				"${PODS_ROOT}/Manifest.lock",
			);
			name = "[CP] Check Pods Manifest.lock";
			outputPaths = (
				"$(DERIVED_FILE_DIR)/Pods-CodandoJuntasApp-checkManifestLockResult.txt",
			);
			runOnlyForDeploymentPostprocessing = 0;
			shellPath = /bin/sh;
			shellScript = "diff \"${PODS_PODFILE_DIR_PATH}/Podfile.lock\" \"${PODS_ROOT}/Manifest.lock\" > /dev/null\nif [ $? != 0 ] ; then\n    # print error to STDERR\n    echo \"error: The sandbox is not in sync with the Podfile.lock. Run 'pod install' or update your CocoaPods installation.\" >&2\n    exit 1\nfi\n# This output is used by Xcode 'outputs' to avoid re-running this script phase.\necho \"SUCCESS\" > \"${SCRIPT_OUTPUT_FILE_0}\"\n";
			showEnvVarsInLog = 0;
		};
		17E2AB58D0DC7901B672CD97 /* [CP] Embed Pods Frameworks */ = {
			isa = PBXShellScriptBuildPhase;
			buildActionMask = 2147483647;
			files = (
			);
			inputPaths = (
				"${SRCROOT}/Pods/Target Support Files/Pods-CodandoJuntasApp/Pods-CodandoJuntasApp-frameworks.sh",
				"${BUILT_PRODUCTS_DIR}/Alamofire/Alamofire.framework",
				"${BUILT_PRODUCTS_DIR}/Moya/Moya.framework",
				"${BUILT_PRODUCTS_DIR}/R.swift.Library/Rswift.framework",
				"${BUILT_PRODUCTS_DIR}/Result/Result.framework",
				"${BUILT_PRODUCTS_DIR}/Reusable/Reusable.framework",
				"${BUILT_PRODUCTS_DIR}/RxCocoa/RxCocoa.framework",
				"${BUILT_PRODUCTS_DIR}/RxSwift/RxSwift.framework",
				"${BUILT_PRODUCTS_DIR}/RxSwiftExt/RxSwiftExt.framework",
				"${BUILT_PRODUCTS_DIR}/RxSwiftUtilities/RxSwiftUtilities.framework",
				"${BUILT_PRODUCTS_DIR}/Swinject/Swinject.framework",
			);
			name = "[CP] Embed Pods Frameworks";
			outputPaths = (
				"${TARGET_BUILD_DIR}/${FRAMEWORKS_FOLDER_PATH}/Alamofire.framework",
				"${TARGET_BUILD_DIR}/${FRAMEWORKS_FOLDER_PATH}/Moya.framework",
				"${TARGET_BUILD_DIR}/${FRAMEWORKS_FOLDER_PATH}/Rswift.framework",
				"${TARGET_BUILD_DIR}/${FRAMEWORKS_FOLDER_PATH}/Result.framework",
				"${TARGET_BUILD_DIR}/${FRAMEWORKS_FOLDER_PATH}/Reusable.framework",
				"${TARGET_BUILD_DIR}/${FRAMEWORKS_FOLDER_PATH}/RxCocoa.framework",
				"${TARGET_BUILD_DIR}/${FRAMEWORKS_FOLDER_PATH}/RxSwift.framework",
				"${TARGET_BUILD_DIR}/${FRAMEWORKS_FOLDER_PATH}/RxSwiftExt.framework",
				"${TARGET_BUILD_DIR}/${FRAMEWORKS_FOLDER_PATH}/RxSwiftUtilities.framework",
				"${TARGET_BUILD_DIR}/${FRAMEWORKS_FOLDER_PATH}/Swinject.framework",
			);
			runOnlyForDeploymentPostprocessing = 0;
			shellPath = /bin/sh;
			shellScript = "\"${SRCROOT}/Pods/Target Support Files/Pods-CodandoJuntasApp/Pods-CodandoJuntasApp-frameworks.sh\"\n";
			showEnvVarsInLog = 0;
		};
		AC475F602151E059003B2BC3 /* R.Swift */ = {
			isa = PBXShellScriptBuildPhase;
			buildActionMask = 2147483647;
			files = (
			);
			inputPaths = (
			);
			name = R.Swift;
			outputPaths = (
			);
			runOnlyForDeploymentPostprocessing = 0;
			shellPath = /bin/sh;
			shellScript = "\"$PODS_ROOT/R.swift/rswift\" generate \"$SRCROOT\"\n";
			showEnvVarsInLog = 0;
		};
/* End PBXShellScriptBuildPhase section */

/* Begin PBXSourcesBuildPhase section */
		AC80D7542149D943001B00EF /* Sources */ = {
			isa = PBXSourcesBuildPhase;
			buildActionMask = 2147483647;
			files = (
				AC475F7121530D0E003B2BC3 /* LoginViewModel.swift in Sources */,
				AC475F9621547C72003B2BC3 /* UIView+Utils.swift in Sources */,
				AC475F8421531699003B2BC3 /* SignInServiceImpl.swift in Sources */,
				AC475F45215079F9003B2BC3 /* Coordinator.swift in Sources */,
				AC475F5B21509FDD003B2BC3 /* Constants.swift in Sources */,
				AC475FB421586BE8003B2BC3 /* FeedTableViewDelegate.swift in Sources */,
				AC475F3C2150736A003B2BC3 /* Feed.swift in Sources */,
				AC475F3721507312003B2BC3 /* FeedView.swift in Sources */,
				AC475F9221547C72003B2BC3 /* UIColor+Utils.swift in Sources */,
				AC475F40215073A7003B2BC3 /* FeedRepositoryImpl.swift in Sources */,
				AC475F5221507C6D003B2BC3 /* FeedServicempl.swift in Sources */,
				AC475F86215318E0003B2BC3 /* User.swift in Sources */,
				AC475F622151E17F003B2BC3 /* R.generated.swift in Sources */,
				AC80D75C2149D943001B00EF /* AppDelegate.swift in Sources */,
				AC475F7021530D0E003B2BC3 /* LoginView.swift in Sources */,
				AC475F5021507C53003B2BC3 /* FeedService.swift in Sources */,
				AC475F7E2153144F003B2BC3 /* SignInRepository.swift in Sources */,
				AC475F5721509EA4003B2BC3 /* Rx+Utils.swift in Sources */,
				AC475F4721507A0D003B2BC3 /* AppCoordinator.swift in Sources */,
				AC475F9421547C72003B2BC3 /* UIView+Constraints.swift in Sources */,
				AC475F5821509EA4003B2BC3 /* NSObject+Rx.swift in Sources */,
				AC475F7721530D51003B2BC3 /* ProfileViewModel.swift in Sources */,
				AC475F4E21507BC9003B2BC3 /* DefaultContainer.swift in Sources */,
				AC475F8821547AC9003B2BC3 /* CloudTagView + rx.swift in Sources */,
				AC475FBD21587F18003B2BC3 /* MostReadTableViewCell.swift in Sources */,
				AC475F6A21530CF7003B2BC3 /* OnboardingView.swift in Sources */,
				AC475F7621530D51003B2BC3 /* ProfileView.swift in Sources */,
				AC475FC421588478003B2BC3 /* FeedTableViewCell.swift in Sources */,
				AC475FB621586E77003B2BC3 /* FeedTableViewDataSource.swift in Sources */,
				AC475F4C21507AE3003B2BC3 /* LocalStorageImpl.swift in Sources */,
				AC475F5421507D5B003B2BC3 /* FeedRouter.swift in Sources */,
				AC475F41215073A7003B2BC3 /* FeedRepository.swift in Sources */,
				AC475F5E2150AA0C003B2BC3 /* Networking+Utils.swift in Sources */,
				AC475FB9215878F4003B2BC3 /* HighlightedTableViewCell.swift in Sources */,
				AC475F3821507312003B2BC3 /* FeedViewModel.swift in Sources */,
				AC475F8B21547B4A003B2BC3 /* CloudTagView.swift in Sources */,
				AC475F9321547C72003B2BC3 /* URL+Utils.swift in Sources */,
				AC475F7D2153144F003B2BC3 /* SignInRepositoryImpl.swift in Sources */,
				AC475F9521547C72003B2BC3 /* String+Utils.swift in Sources */,
				AC475F6B21530CF7003B2BC3 /* OnboardingViewModel.swift in Sources */,
				AC475F9721547C72003B2BC3 /* UITextFIeld+Utils.swift in Sources */,
				AC475F4921507A80003B2BC3 /* LocalStorage.swift in Sources */,
				AC475FD32158A10B003B2BC3 /* MostReadCollectionViewCell.swift in Sources */,
				AC475F822153168C003B2BC3 /* SignInService.swift in Sources */,
			);
			runOnlyForDeploymentPostprocessing = 0;
		};
/* End PBXSourcesBuildPhase section */

/* Begin PBXVariantGroup section */
		AC80D7642149D944001B00EF /* LaunchScreen.storyboard */ = {
			isa = PBXVariantGroup;
			children = (
				AC80D7652149D944001B00EF /* Base */,
			);
			name = LaunchScreen.storyboard;
			sourceTree = "<group>";
		};
/* End PBXVariantGroup section */

/* Begin XCBuildConfiguration section */
		AC80D7682149D944001B00EF /* Debug */ = {
			isa = XCBuildConfiguration;
			buildSettings = {
				ALWAYS_SEARCH_USER_PATHS = NO;
				CLANG_ANALYZER_NONNULL = YES;
				CLANG_ANALYZER_NUMBER_OBJECT_CONVERSION = YES_AGGRESSIVE;
				CLANG_CXX_LANGUAGE_STANDARD = "gnu++14";
				CLANG_CXX_LIBRARY = "libc++";
				CLANG_ENABLE_MODULES = YES;
				CLANG_ENABLE_OBJC_ARC = YES;
				CLANG_ENABLE_OBJC_WEAK = YES;
				CLANG_WARN_BLOCK_CAPTURE_AUTORELEASING = YES;
				CLANG_WARN_BOOL_CONVERSION = YES;
				CLANG_WARN_COMMA = YES;
				CLANG_WARN_CONSTANT_CONVERSION = YES;
				CLANG_WARN_DEPRECATED_OBJC_IMPLEMENTATIONS = YES;
				CLANG_WARN_DIRECT_OBJC_ISA_USAGE = YES_ERROR;
				CLANG_WARN_DOCUMENTATION_COMMENTS = YES;
				CLANG_WARN_EMPTY_BODY = YES;
				CLANG_WARN_ENUM_CONVERSION = YES;
				CLANG_WARN_INFINITE_RECURSION = YES;
				CLANG_WARN_INT_CONVERSION = YES;
				CLANG_WARN_NON_LITERAL_NULL_CONVERSION = YES;
				CLANG_WARN_OBJC_IMPLICIT_RETAIN_SELF = YES;
				CLANG_WARN_OBJC_LITERAL_CONVERSION = YES;
				CLANG_WARN_OBJC_ROOT_CLASS = YES_ERROR;
				CLANG_WARN_RANGE_LOOP_ANALYSIS = YES;
				CLANG_WARN_STRICT_PROTOTYPES = YES;
				CLANG_WARN_SUSPICIOUS_MOVE = YES;
				CLANG_WARN_UNGUARDED_AVAILABILITY = YES_AGGRESSIVE;
				CLANG_WARN_UNREACHABLE_CODE = YES;
				CLANG_WARN__DUPLICATE_METHOD_MATCH = YES;
				CODE_SIGN_IDENTITY = "iPhone Developer";
				COPY_PHASE_STRIP = NO;
				DEBUG_INFORMATION_FORMAT = dwarf;
				ENABLE_STRICT_OBJC_MSGSEND = YES;
				ENABLE_TESTABILITY = YES;
				GCC_C_LANGUAGE_STANDARD = gnu11;
				GCC_DYNAMIC_NO_PIC = NO;
				GCC_NO_COMMON_BLOCKS = YES;
				GCC_OPTIMIZATION_LEVEL = 0;
				GCC_PREPROCESSOR_DEFINITIONS = (
					"DEBUG=1",
					"$(inherited)",
				);
				GCC_WARN_64_TO_32_BIT_CONVERSION = YES;
				GCC_WARN_ABOUT_RETURN_TYPE = YES_ERROR;
				GCC_WARN_UNDECLARED_SELECTOR = YES;
				GCC_WARN_UNINITIALIZED_AUTOS = YES_AGGRESSIVE;
				GCC_WARN_UNUSED_FUNCTION = YES;
				GCC_WARN_UNUSED_VARIABLE = YES;
				IPHONEOS_DEPLOYMENT_TARGET = 11.4;
				MTL_ENABLE_DEBUG_INFO = YES;
				ONLY_ACTIVE_ARCH = YES;
				SDKROOT = iphoneos;
				SWIFT_ACTIVE_COMPILATION_CONDITIONS = DEBUG;
				SWIFT_OPTIMIZATION_LEVEL = "-Onone";
			};
			name = Debug;
		};
		AC80D7692149D944001B00EF /* Release */ = {
			isa = XCBuildConfiguration;
			buildSettings = {
				ALWAYS_SEARCH_USER_PATHS = NO;
				CLANG_ANALYZER_NONNULL = YES;
				CLANG_ANALYZER_NUMBER_OBJECT_CONVERSION = YES_AGGRESSIVE;
				CLANG_CXX_LANGUAGE_STANDARD = "gnu++14";
				CLANG_CXX_LIBRARY = "libc++";
				CLANG_ENABLE_MODULES = YES;
				CLANG_ENABLE_OBJC_ARC = YES;
				CLANG_ENABLE_OBJC_WEAK = YES;
				CLANG_WARN_BLOCK_CAPTURE_AUTORELEASING = YES;
				CLANG_WARN_BOOL_CONVERSION = YES;
				CLANG_WARN_COMMA = YES;
				CLANG_WARN_CONSTANT_CONVERSION = YES;
				CLANG_WARN_DEPRECATED_OBJC_IMPLEMENTATIONS = YES;
				CLANG_WARN_DIRECT_OBJC_ISA_USAGE = YES_ERROR;
				CLANG_WARN_DOCUMENTATION_COMMENTS = YES;
				CLANG_WARN_EMPTY_BODY = YES;
				CLANG_WARN_ENUM_CONVERSION = YES;
				CLANG_WARN_INFINITE_RECURSION = YES;
				CLANG_WARN_INT_CONVERSION = YES;
				CLANG_WARN_NON_LITERAL_NULL_CONVERSION = YES;
				CLANG_WARN_OBJC_IMPLICIT_RETAIN_SELF = YES;
				CLANG_WARN_OBJC_LITERAL_CONVERSION = YES;
				CLANG_WARN_OBJC_ROOT_CLASS = YES_ERROR;
				CLANG_WARN_RANGE_LOOP_ANALYSIS = YES;
				CLANG_WARN_STRICT_PROTOTYPES = YES;
				CLANG_WARN_SUSPICIOUS_MOVE = YES;
				CLANG_WARN_UNGUARDED_AVAILABILITY = YES_AGGRESSIVE;
				CLANG_WARN_UNREACHABLE_CODE = YES;
				CLANG_WARN__DUPLICATE_METHOD_MATCH = YES;
				CODE_SIGN_IDENTITY = "iPhone Developer";
				COPY_PHASE_STRIP = NO;
				DEBUG_INFORMATION_FORMAT = "dwarf-with-dsym";
				ENABLE_NS_ASSERTIONS = NO;
				ENABLE_STRICT_OBJC_MSGSEND = YES;
				GCC_C_LANGUAGE_STANDARD = gnu11;
				GCC_NO_COMMON_BLOCKS = YES;
				GCC_WARN_64_TO_32_BIT_CONVERSION = YES;
				GCC_WARN_ABOUT_RETURN_TYPE = YES_ERROR;
				GCC_WARN_UNDECLARED_SELECTOR = YES;
				GCC_WARN_UNINITIALIZED_AUTOS = YES_AGGRESSIVE;
				GCC_WARN_UNUSED_FUNCTION = YES;
				GCC_WARN_UNUSED_VARIABLE = YES;
				IPHONEOS_DEPLOYMENT_TARGET = 11.4;
				MTL_ENABLE_DEBUG_INFO = NO;
				SDKROOT = iphoneos;
				SWIFT_COMPILATION_MODE = wholemodule;
				SWIFT_OPTIMIZATION_LEVEL = "-O";
				VALIDATE_PRODUCT = YES;
			};
			name = Release;
		};
		AC80D76B2149D944001B00EF /* Debug */ = {
			isa = XCBuildConfiguration;
			baseConfigurationReference = A779A47C6A170D47AC8692B5 /* Pods-CodandoJuntasApp.debug.xcconfig */;
			buildSettings = {
				ASSETCATALOG_COMPILER_APPICON_NAME = AppIcon;
				CODE_SIGN_STYLE = Automatic;
				DEVELOPMENT_TEAM = C2WX94X8CG;
				INFOPLIST_FILE = CodandoJuntasApp/Info.plist;
				LD_RUNPATH_SEARCH_PATHS = (
					"$(inherited)",
					"@executable_path/Frameworks",
				);
				PRODUCT_BUNDLE_IDENTIFIER = com.vassini.CodandoJuntasApp;
				PRODUCT_NAME = "$(TARGET_NAME)";
				SWIFT_VERSION = 4.0;
				TARGETED_DEVICE_FAMILY = "1,2";
			};
			name = Debug;
		};
		AC80D76C2149D944001B00EF /* Release */ = {
			isa = XCBuildConfiguration;
			baseConfigurationReference = 0B52DEB84ED5423CAAD694DE /* Pods-CodandoJuntasApp.release.xcconfig */;
			buildSettings = {
				ASSETCATALOG_COMPILER_APPICON_NAME = AppIcon;
				CODE_SIGN_STYLE = Automatic;
				DEVELOPMENT_TEAM = C2WX94X8CG;
				INFOPLIST_FILE = CodandoJuntasApp/Info.plist;
				LD_RUNPATH_SEARCH_PATHS = (
					"$(inherited)",
					"@executable_path/Frameworks",
				);
				PRODUCT_BUNDLE_IDENTIFIER = com.vassini.CodandoJuntasApp;
				PRODUCT_NAME = "$(TARGET_NAME)";
				SWIFT_VERSION = 4.0;
				TARGETED_DEVICE_FAMILY = "1,2";
			};
			name = Release;
		};
/* End XCBuildConfiguration section */

/* Begin XCConfigurationList section */
		AC80D7532149D943001B00EF /* Build configuration list for PBXProject "CodandoJuntasApp" */ = {
			isa = XCConfigurationList;
			buildConfigurations = (
				AC80D7682149D944001B00EF /* Debug */,
				AC80D7692149D944001B00EF /* Release */,
			);
			defaultConfigurationIsVisible = 0;
			defaultConfigurationName = Release;
		};
		AC80D76A2149D944001B00EF /* Build configuration list for PBXNativeTarget "CodandoJuntasApp" */ = {
			isa = XCConfigurationList;
			buildConfigurations = (
				AC80D76B2149D944001B00EF /* Debug */,
				AC80D76C2149D944001B00EF /* Release */,
			);
			defaultConfigurationIsVisible = 0;
			defaultConfigurationName = Release;
		};
/* End XCConfigurationList section */
	};
	rootObject = AC80D7502149D943001B00EF /* Project object */;
}
